
Microsoft Visual Studio Solution File, Format Version 12.00
# Visual Studio Version 16
VisualStudioVersion = 16.0.32413.511
MinimumVisualStudioVersion = 10.0.40219.1
Project("{FAE04EC0-301F-11D3-BF4B-00C04F79EFBC}") = "Edu_Manager", "Edu_Manager\Edu_Manager.csproj", "{5A67D66D-3CE8-439A-A452-6E1BB16E465F}"
EndProject
Global
	GlobalSection(SolutionConfigurationPlatforms) = preSolution
		Debug|Any CPU = Debug|Any CPU
		Release|Any CPU = Release|Any CPU
	EndGlobalSection
	GlobalSection(ProjectConfigurationPlatforms) = postSolution
		{5A67D66D-3CE8-439A-A452-6E1BB16E465F}.Debug|Any CPU.ActiveCfg = Debug|Any CPU
		{5A67D66D-3CE8-439A-A452-6E1BB16E465F}.Debug|Any CPU.Build.0 = Debug|Any CPU
		{5A67D66D-3CE8-439A-A452-6E1BB16E465F}.Release|Any CPU.ActiveCfg = Release|Any CPU
		{5A67D66D-3CE8-439A-A452-6E1BB16E465F}.Release|Any CPU.Build.0 = Release|Any CPU
	EndGlobalSection
	GlobalSection(SolutionProperties) = preSolution
		HideSolutionNode = FALSE
	EndGlobalSection
	GlobalSection(ExtensibilityGlobals) = postSolution
		SolutionGuid = {F5F1BBDF-242D-401D-9856-AB0D2A722881}
	EndGlobalSection
EndGlobal
